
Microsoft Visual Studio Solution File, Format Version 12.00
# Visual Studio Version 16
VisualStudioVersion = 16.0.30104.148
MinimumVisualStudioVersion = 10.0.40219.1
Project("{FAE04EC0-301F-11D3-BF4B-00C04F79EFBC}") = "Techievibe.Api", "Techievibe.Api\Techievibe.Api.csproj", "{4AEB3942-5ECA-444E-93B8-503D9EE6DF6E}"
EndProject
Global
	GlobalSection(SolutionConfigurationPlatforms) = preSolution
		Debug|Any CPU = Debug|Any CPU
		Release|Any CPU = Release|Any CPU
	EndGlobalSection
	GlobalSection(ProjectConfigurationPlatforms) = postSolution
		{4AEB3942-5ECA-444E-93B8-503D9EE6DF6E}.Debug|Any CPU.ActiveCfg = Debug|Any CPU
		{4AEB3942-5ECA-444E-93B8-503D9EE6DF6E}.Debug|Any CPU.Build.0 = Debug|Any CPU
		{4AEB3942-5ECA-444E-93B8-503D9EE6DF6E}.Release|Any CPU.ActiveCfg = Release|Any CPU
		{4AEB3942-5ECA-444E-93B8-503D9EE6DF6E}.Release|Any CPU.Build.0 = Release|Any CPU
	EndGlobalSection
	GlobalSection(SolutionProperties) = preSolution
		HideSolutionNode = FALSE
	EndGlobalSection
	GlobalSection(ExtensibilityGlobals) = postSolution
		SolutionGuid = {559A0F9A-9FC2-489E-8A81-94D8D632419D}
	EndGlobalSection
EndGlobal
